
Microsoft Visual Studio Solution File, Format Version 12.00
# Visual Studio Version 17
VisualStudioVersion = 17.2.32516.85
MinimumVisualStudioVersion = 10.0.40219.1
Project("{8BC9CEB8-8B4A-11D0-8D11-00A0C91BC942}") = "culia", "culia.vcxproj", "{31101468-94C3-4AD7-ACAA-87174FED9EA5}"
EndProject
Global
	GlobalSection(SolutionConfigurationPlatforms) = preSolution
		Debug|x64 = Debug|x64
		Release|x64 = Release|x64
	EndGlobalSection
	GlobalSection(ProjectConfigurationPlatforms) = postSolution
		{31101468-94C3-4AD7-ACAA-87174FED9EA5}.Debug|x64.ActiveCfg = Debug|x64
		{31101468-94C3-4AD7-ACAA-87174FED9EA5}.Debug|x64.Build.0 = Debug|x64
		{31101468-94C3-4AD7-ACAA-87174FED9EA5}.Release|x64.ActiveCfg = Release|x64
		{31101468-94C3-4AD7-ACAA-87174FED9EA5}.Release|x64.Build.0 = Release|x64
	EndGlobalSection
	GlobalSection(SolutionProperties) = preSolution
		HideSolutionNode = FALSE
	EndGlobalSection
	GlobalSection(ExtensibilityGlobals) = postSolution
		SolutionGuid = {931AB9F0-557D-4C14-BEF9-96B155002CDD}
	EndGlobalSection
EndGlobal
